<?xml version="1.0" encoding="utf-8"?>
<Project ToolsVersion="4.0" xmlns="http://schemas.microsoft.com/developer/msbuild/2003">
  <ItemGroup>
    <ClCompile Include="src\Elements\MainWindow\MainWindowClassManager.cpp" />
    <ClCompile Include="src\Argon\Argon.cpp" />
    <ClCompile Include="src\ElementBase\Element.cpp" />
    <ClCompile Include="src\Elements\Button\ButtonClassManager.cpp" />
    <ClCompile Include="src\Elements\Button\Button.cpp" />
    <ClCompile Include="src\Shared\Styles.cpp" />
    <ClCompile Include="src\Shared\WindowClassManager.cpp" />
    <ClCompile Include="src\main.cpp" />
    <ClCompile Include="src\Shared\WindowIDProvisor.cpp" />
    <ClCompile Include="src\Elements\MainWindow\MainWindow.cpp" />
    <ClCompile Include="src\Shared\Globals.cpp" />
    <ClCompile Include="src\Elements\Input\Input.cpp" />
    <ClCompile Include="src\Elements\Input\InputClassManager.cpp" />
  </ItemGroup>
  <ItemGroup>
    <ClInclude Include="src\Argon\Argon.h" />
    <ClInclude Include="src\Elements\Button\Button.h" />
    <ClInclude Include="src\Shared\Styles.h" />
    <ClInclude Include="src\Shared\WindowClassManager.h" />
    <ClInclude Include="src\System\framework.h" />
    <ClInclude Include="src\System\targetver.h" />
    <ClInclude Include="src\ElementBase\Element.h" />
    <ClInclude Include="src\EventSystem\Event.h" />
    <ClInclude Include="src\Shared\WindowIDProvisor.h" />
    <ClInclude Include="src\Elements\MainWindow\MainWindow.h" />
    <ClInclude Include="src\Shared\Globals.h" />
    <ClInclude Include="src\Elements\Input\Input.h" />
  </ItemGroup>
  <ItemGroup>
    <Image Include="Resources\Argon.ico" />
    <Image Include="Resources\small.ico" />
  </ItemGroup>
</Project>